
Microsoft Visual Studio Solution File, Format Version 12.00
# Visual Studio Version 17
VisualStudioVersion = 17.5.33414.496
MinimumVisualStudioVersion = 10.0.40219.1
Project("{FAE04EC0-301F-11D3-BF4B-00C04F79EFBC}") = "ProductManagementSystem", "ProductManagementSystem.csproj", "{396F0458-7ABF-4CED-8E32-693F06ADC3EB}"
EndProject
Global
	GlobalSection(SolutionConfigurationPlatforms) = preSolution
		Debug|Any CPU = Debug|Any CPU
		Release|Any CPU = Release|Any CPU
	EndGlobalSection
	GlobalSection(ProjectConfigurationPlatforms) = postSolution
		{396F0458-7ABF-4CED-8E32-693F06ADC3EB}.Debug|Any CPU.ActiveCfg = Debug|Any CPU
		{396F0458-7ABF-4CED-8E32-693F06ADC3EB}.Debug|Any CPU.Build.0 = Debug|Any CPU
		{396F0458-7ABF-4CED-8E32-693F06ADC3EB}.Release|Any CPU.ActiveCfg = Release|Any CPU
		{396F0458-7ABF-4CED-8E32-693F06ADC3EB}.Release|Any CPU.Build.0 = Release|Any CPU
	EndGlobalSection
	GlobalSection(SolutionProperties) = preSolution
		HideSolutionNode = FALSE
	EndGlobalSection
	GlobalSection(ExtensibilityGlobals) = postSolution
		SolutionGuid = {F73A8281-A9E9-4F98-924E-E28B093491A8}
	EndGlobalSection
EndGlobal
